// !$*UTF8*$!
{
	archiveVersion = 1;
	classes = {
	};
	objectVersion = 46;
	objects = {

/* Begin PBXBuildFile section */
		AC1752B622B3DE0900F447B6 /* AppDelegate.m in Sources */ = {isa = PBXBuildFile; fileRef = AC1752B522B3DE0900F447B6 /* AppDelegate.m */; };
		AC1752B922B3DE0900F447B6 /* SceneDelegate.m in Sources */ = {isa = PBXBuildFile; fileRef = AC1752B822B3DE0900F447B6 /* SceneDelegate.m */; };
		AC1752BF22B3DE0900F447B6 /* Main.storyboard in Resources */ = {isa = PBXBuildFile; fileRef = AC1752BD22B3DE0900F447B6 /* Main.storyboard */; };
		AC1752C122B3DE0900F447B6 /* Assets.xcassets in Resources */ = {isa = PBXBuildFile; fileRef = AC1752C022B3DE0900F447B6 /* Assets.xcassets */; };
		AC1752C422B3DE0900F447B6 /* LaunchScreen.storyboard in Resources */ = {isa = PBXBuildFile; fileRef = AC1752C222B3DE0900F447B6 /* LaunchScreen.storyboard */; };
		AC1752C722B3DE0900F447B6 /* main.m in Sources */ = {isa = PBXBuildFile; fileRef = AC1752C622B3DE0900F447B6 /* main.m */; };
		AC1752D422B3DE3F00F447B6 /* XYThirdParty.h in Headers */ = {isa = PBXBuildFile; fileRef = AC1752D222B3DE3F00F447B6 /* XYThirdParty.h */; settings = {ATTRIBUTES = (Public, ); }; };
		AC1752D722B3DE3F00F447B6 /* XYThirdParty.framework in Frameworks */ = {isa = PBXBuildFile; fileRef = AC1752D022B3DE3F00F447B6 /* XYThirdParty.framework */; };
		AC1752D822B3DE3F00F447B6 /* XYThirdParty.framework in Embed Frameworks */ = {isa = PBXBuildFile; fileRef = AC1752D022B3DE3F00F447B6 /* XYThirdParty.framework */; settings = {ATTRIBUTES = (CodeSignOnCopy, RemoveHeadersOnCopy, ); }; };
		AC18DBC42318C190005E14B3 /* XYWebVC.m in Sources */ = {isa = PBXBuildFile; fileRef = ACC6EF7622B3E01E00BF0F97 /* XYWebVC.m */; };
		ACC6EFB422B3E01E00BF0F97 /* XYLoadingPage.m in Sources */ = {isa = PBXBuildFile; fileRef = ACC6EF6D22B3E01E00BF0F97 /* XYLoadingPage.m */; };
		ACC6EFB522B3E01E00BF0F97 /* XYLoadingPage.h in Headers */ = {isa = PBXBuildFile; fileRef = ACC6EF6E22B3E01E00BF0F97 /* XYLoadingPage.h */; settings = {ATTRIBUTES = (Public, ); }; };
		ACC6EFB622B3E01E00BF0F97 /* XYNetwork.m in Sources */ = {isa = PBXBuildFile; fileRef = ACC6EF7022B3E01E00BF0F97 /* XYNetwork.m */; };
		ACC6EFB722B3E01E00BF0F97 /* XYNetwork.h in Headers */ = {isa = PBXBuildFile; fileRef = ACC6EF7122B3E01E00BF0F97 /* XYNetwork.h */; settings = {ATTRIBUTES = (Public, ); }; };
		ACC6EFB822B3E01E00BF0F97 /* XYSlider.h in Headers */ = {isa = PBXBuildFile; fileRef = ACC6EF7322B3E01E00BF0F97 /* XYSlider.h */; settings = {ATTRIBUTES = (Public, ); }; };
		ACC6EFB922B3E01E00BF0F97 /* XYSlider.m in Sources */ = {isa = PBXBuildFile; fileRef = ACC6EF7422B3E01E00BF0F97 /* XYSlider.m */; };
		ACC6EFBD22B3E01E00BF0F97 /* XYTableViewController.h in Headers */ = {isa = PBXBuildFile; fileRef = ACC6EF7B22B3E01E00BF0F97 /* XYTableViewController.h */; settings = {ATTRIBUTES = (Public, ); }; };
		ACC6EFBE22B3E01E00BF0F97 /* XYTableViewController.m in Sources */ = {isa = PBXBuildFile; fileRef = ACC6EF7C22B3E01E00BF0F97 /* XYTableViewController.m */; };
		ACC6EFBF22B3E01E00BF0F97 /* XYScrollChartView.h in Headers */ = {isa = PBXBuildFile; fileRef = ACC6EF7E22B3E01E00BF0F97 /* XYScrollChartView.h */; settings = {ATTRIBUTES = (Public, ); }; };
		ACC6EFC022B3E01F00BF0F97 /* XYScrollChartView.m in Sources */ = {isa = PBXBuildFile; fileRef = ACC6EF7F22B3E01E00BF0F97 /* XYScrollChartView.m */; };
		ACC6EFC122B3E01F00BF0F97 /* XYToast.h in Headers */ = {isa = PBXBuildFile; fileRef = ACC6EF8122B3E01E00BF0F97 /* XYToast.h */; settings = {ATTRIBUTES = (Public, ); }; };
		ACC6EFC222B3E01F00BF0F97 /* XYToast.m in Sources */ = {isa = PBXBuildFile; fileRef = ACC6EF8222B3E01E00BF0F97 /* XYToast.m */; };
		ACC6EFC322B3E01F00BF0F97 /* XYMenu.h in Headers */ = {isa = PBXBuildFile; fileRef = ACC6EF8422B3E01E00BF0F97 /* XYMenu.h */; settings = {ATTRIBUTES = (Public, ); }; };
		ACC6EFC422B3E01F00BF0F97 /* XYMenu.m in Sources */ = {isa = PBXBuildFile; fileRef = ACC6EF8522B3E01E00BF0F97 /* XYMenu.m */; };
		ACC6EFD122B3E01F00BF0F97 /* XYSegment.h in Headers */ = {isa = PBXBuildFile; fileRef = ACC6EF9722B3E01E00BF0F97 /* XYSegment.h */; settings = {ATTRIBUTES = (Public, ); }; };
		ACC6EFD222B3E01F00BF0F97 /* XYSegment.m in Sources */ = {isa = PBXBuildFile; fileRef = ACC6EF9822B3E01E00BF0F97 /* XYSegment.m */; };
		ACC6EFD322B3E01F00BF0F97 /* UIViewController+ImagePicker.m in Sources */ = {isa = PBXBuildFile; fileRef = ACC6EF9A22B3E01E00BF0F97 /* UIViewController+ImagePicker.m */; };
		ACC6EFD822B3E01F00BF0F97 /* UIViewController+DatePicker.h in Headers */ = {isa = PBXBuildFile; fileRef = ACC6EFA022B3E01E00BF0F97 /* UIViewController+DatePicker.h */; settings = {ATTRIBUTES = (Public, ); }; };
		ACC6EFD922B3E01F00BF0F97 /* UIViewController+ImagePicker.h in Headers */ = {isa = PBXBuildFile; fileRef = ACC6EFA122B3E01E00BF0F97 /* UIViewController+ImagePicker.h */; settings = {ATTRIBUTES = (Public, ); }; };
		ACC6EFDA22B3E01F00BF0F97 /* UIViewController+DatePicker.m in Sources */ = {isa = PBXBuildFile; fileRef = ACC6EFA222B3E01E00BF0F97 /* UIViewController+DatePicker.m */; };
		ACC6EFE122B3E01F00BF0F97 /* XYButton.h in Headers */ = {isa = PBXBuildFile; fileRef = ACC6EFAB22B3E01E00BF0F97 /* XYButton.h */; settings = {ATTRIBUTES = (Public, ); }; };
		ACC6EFE222B3E01F00BF0F97 /* XYButton.m in Sources */ = {isa = PBXBuildFile; fileRef = ACC6EFAC22B3E01E00BF0F97 /* XYButton.m */; };
		ACC6EFE322B3E01F00BF0F97 /* UIViewController+Log.h in Headers */ = {isa = PBXBuildFile; fileRef = ACC6EFAE22B3E01E00BF0F97 /* UIViewController+Log.h */; settings = {ATTRIBUTES = (Public, ); }; };
		ACC6EFE422B3E01F00BF0F97 /* Log.h in Headers */ = {isa = PBXBuildFile; fileRef = ACC6EFAF22B3E01E00BF0F97 /* Log.h */; settings = {ATTRIBUTES = (Public, ); }; };
		ACC6EFE522B3E01F00BF0F97 /* UIViewController+Log.m in Sources */ = {isa = PBXBuildFile; fileRef = ACC6EFB022B3E01E00BF0F97 /* UIViewController+Log.m */; };
		ACC6EFE622B3E01F00BF0F97 /* XYCollectionViewController.m in Sources */ = {isa = PBXBuildFile; fileRef = ACC6EFB222B3E01E00BF0F97 /* XYCollectionViewController.m */; };
		ACC6EFE722B3E01F00BF0F97 /* XYCollectionViewController.h in Headers */ = {isa = PBXBuildFile; fileRef = ACC6EFB322B3E01E00BF0F97 /* XYCollectionViewController.h */; settings = {ATTRIBUTES = (Public, ); }; };
		ACC6F04422B3E0F300BF0F97 /* TableViewController.m in Sources */ = {isa = PBXBuildFile; fileRef = ACC6F00922B3E0F200BF0F97 /* TableViewController.m */; };
		ACC6F06822B625A600BF0F97 /* TAAbstractDotView.h in Headers */ = {isa = PBXBuildFile; fileRef = ACC6F06022B625A600BF0F97 /* TAAbstractDotView.h */; settings = {ATTRIBUTES = (Public, ); }; };
		ACC6F06922B625A600BF0F97 /* TADotView.m in Sources */ = {isa = PBXBuildFile; fileRef = ACC6F06122B625A600BF0F97 /* TADotView.m */; };
		ACC6F06A22B625A600BF0F97 /* TAPageControl.m in Sources */ = {isa = PBXBuildFile; fileRef = ACC6F06222B625A600BF0F97 /* TAPageControl.m */; };
		ACC6F06B22B625A600BF0F97 /* TAAnimatedDotView.m in Sources */ = {isa = PBXBuildFile; fileRef = ACC6F06322B625A600BF0F97 /* TAAnimatedDotView.m */; };
		ACC6F06C22B625A600BF0F97 /* TAAbstractDotView.m in Sources */ = {isa = PBXBuildFile; fileRef = ACC6F06422B625A600BF0F97 /* TAAbstractDotView.m */; };
		ACC6F06D22B625A600BF0F97 /* TADotView.h in Headers */ = {isa = PBXBuildFile; fileRef = ACC6F06522B625A600BF0F97 /* TADotView.h */; settings = {ATTRIBUTES = (Public, ); }; };
		ACC6F06E22B625A600BF0F97 /* TAAnimatedDotView.h in Headers */ = {isa = PBXBuildFile; fileRef = ACC6F06622B625A600BF0F97 /* TAAnimatedDotView.h */; settings = {ATTRIBUTES = (Public, ); }; };
		ACC6F06F22B625A600BF0F97 /* TAPageControl.h in Headers */ = {isa = PBXBuildFile; fileRef = ACC6F06722B625A600BF0F97 /* TAPageControl.h */; settings = {ATTRIBUTES = (Public, ); }; };
		ACC6F07A22B6285B00BF0F97 /* MZTimerLabel.framework in Frameworks */ = {isa = PBXBuildFile; fileRef = ACC6F07122B6285A00BF0F97 /* MZTimerLabel.framework */; };
		ACC6F07B22B6285B00BF0F97 /* TZImagePickerController.framework in Frameworks */ = {isa = PBXBuildFile; fileRef = ACC6F07222B6285A00BF0F97 /* TZImagePickerController.framework */; };
		ACC6F07C22B6285B00BF0F97 /* YYText.framework in Frameworks */ = {isa = PBXBuildFile; fileRef = ACC6F07322B6285A00BF0F97 /* YYText.framework */; };
		ACC6F07D22B6285B00BF0F97 /* AFNetworking.framework in Frameworks */ = {isa = PBXBuildFile; fileRef = ACC6F07422B6285B00BF0F97 /* AFNetworking.framework */; };
		ACC6F07E22B6285B00BF0F97 /* MJRefresh.framework in Frameworks */ = {isa = PBXBuildFile; fileRef = ACC6F07522B6285B00BF0F97 /* MJRefresh.framework */; };
		ACC6F07F22B6285B00BF0F97 /* CocoaLumberjack.framework in Frameworks */ = {isa = PBXBuildFile; fileRef = ACC6F07622B6285B00BF0F97 /* CocoaLumberjack.framework */; };
		ACC6F08022B6285B00BF0F97 /* MBProgressHUD.framework in Frameworks */ = {isa = PBXBuildFile; fileRef = ACC6F07722B6285B00BF0F97 /* MBProgressHUD.framework */; };
		ACC6F08122B6285B00BF0F97 /* Toast.framework in Frameworks */ = {isa = PBXBuildFile; fileRef = ACC6F07822B6285B00BF0F97 /* Toast.framework */; };
		ACC6F08222B6285B00BF0F97 /* YYImage.framework in Frameworks */ = {isa = PBXBuildFile; fileRef = ACC6F07922B6285B00BF0F97 /* YYImage.framework */; };
		ACC6F08C22B62CB300BF0F97 /* RichText.h in Headers */ = {isa = PBXBuildFile; fileRef = ACC6F08A22B62CB300BF0F97 /* RichText.h */; settings = {ATTRIBUTES = (Public, ); }; };
		ACC6F08F22B62CB300BF0F97 /* RichText.framework in Frameworks */ = {isa = PBXBuildFile; fileRef = ACC6F08822B62CB300BF0F97 /* RichText.framework */; };
		ACC6F09022B62CB300BF0F97 /* RichText.framework in Embed Frameworks */ = {isa = PBXBuildFile; fileRef = ACC6F08822B62CB300BF0F97 /* RichText.framework */; settings = {ATTRIBUTES = (CodeSignOnCopy, RemoveHeadersOnCopy, ); }; };
		ACC6F0B122B6333500BF0F97 /* XYWebVC.h in Headers */ = {isa = PBXBuildFile; fileRef = ACC6EF7722B3E01E00BF0F97 /* XYWebVC.h */; settings = {ATTRIBUTES = (Public, ); }; };
		ACC6F0B522B6340D00BF0F97 /* XYScroll.m in Sources */ = {isa = PBXBuildFile; fileRef = ACC6F0B322B6340D00BF0F97 /* XYScroll.m */; };
		ACC6F0B622B6340D00BF0F97 /* XYScroll.h in Headers */ = {isa = PBXBuildFile; fileRef = ACC6F0B422B6340D00BF0F97 /* XYScroll.h */; settings = {ATTRIBUTES = (Public, ); }; };
		ACC6F0C322B634FB00BF0F97 /* XYRichTextVC.m in Sources */ = {isa = PBXBuildFile; fileRef = ACC6F0B822B634FB00BF0F97 /* XYRichTextVC.m */; };
		ACC6F0C422B634FB00BF0F97 /* ImageUploader.m in Sources */ = {isa = PBXBuildFile; fileRef = ACC6F0B922B634FB00BF0F97 /* ImageUploader.m */; };
		ACC6F0C522B634FB00BF0F97 /* XYRichTextVC.h in Headers */ = {isa = PBXBuildFile; fileRef = ACC6F0BA22B634FB00BF0F97 /* XYRichTextVC.h */; settings = {ATTRIBUTES = (Public, ); }; };
		ACC6F0C622B634FB00BF0F97 /* ImageUploader.h in Headers */ = {isa = PBXBuildFile; fileRef = ACC6F0BB22B634FB00BF0F97 /* ImageUploader.h */; settings = {ATTRIBUTES = (Public, ); }; };
		ACC6F0C722B634FB00BF0F97 /* UIImageView+ImageLoader.m in Sources */ = {isa = PBXBuildFile; fileRef = ACC6F0BD22B634FB00BF0F97 /* UIImageView+ImageLoader.m */; };
		ACC6F0C822B634FB00BF0F97 /* CALayer+ImageLoader.m in Sources */ = {isa = PBXBuildFile; fileRef = ACC6F0BE22B634FB00BF0F97 /* CALayer+ImageLoader.m */; };
		ACC6F0C922B634FB00BF0F97 /* XYImageLoader.m in Sources */ = {isa = PBXBuildFile; fileRef = ACC6F0BF22B634FB00BF0F97 /* XYImageLoader.m */; };
		ACC6F0CA22B634FB00BF0F97 /* XYImageLoader.h in Headers */ = {isa = PBXBuildFile; fileRef = ACC6F0C022B634FB00BF0F97 /* XYImageLoader.h */; settings = {ATTRIBUTES = (Public, ); }; };
		ACC6F0CB22B634FB00BF0F97 /* CALayer+ImageLoader.h in Headers */ = {isa = PBXBuildFile; fileRef = ACC6F0C122B634FB00BF0F97 /* CALayer+ImageLoader.h */; settings = {ATTRIBUTES = (Public, ); }; };
		ACC6F0CC22B634FB00BF0F97 /* UIImageView+ImageLoader.h in Headers */ = {isa = PBXBuildFile; fileRef = ACC6F0C222B634FB00BF0F97 /* UIImageView+ImageLoader.h */; settings = {ATTRIBUTES = (Public, ); }; };
		D6689EEABF84C8A46FE08DAF /* Pods_Example.framework in Frameworks */ = {isa = PBXBuildFile; fileRef = 489556EBD3C5478385856871 /* Pods_Example.framework */; };
/* End PBXBuildFile section */

/* Begin PBXContainerItemProxy section */
		AC1752D522B3DE3F00F447B6 /* PBXContainerItemProxy */ = {
			isa = PBXContainerItemProxy;
			containerPortal = AC8DDD721EEFC2A50009C5AC /* Project object */;
			proxyType = 1;
			remoteGlobalIDString = AC1752CF22B3DE3F00F447B6;
			remoteInfo = XYThirdParty;
		};
		ACC6F08D22B62CB300BF0F97 /* PBXContainerItemProxy */ = {
			isa = PBXContainerItemProxy;
			containerPortal = AC8DDD721EEFC2A50009C5AC /* Project object */;
			proxyType = 1;
			remoteGlobalIDString = ACC6F08722B62CB300BF0F97;
			remoteInfo = RichText;
		};
/* End PBXContainerItemProxy section */

/* Begin PBXCopyFilesBuildPhase section */
		AC1752DC22B3DE3F00F447B6 /* Embed Frameworks */ = {
			isa = PBXCopyFilesBuildPhase;
			buildActionMask = 2147483647;
			dstPath = "";
			dstSubfolderSpec = 10;
			files = (
				AC1752D822B3DE3F00F447B6 /* XYThirdParty.framework in Embed Frameworks */,
				ACC6F09022B62CB300BF0F97 /* RichText.framework in Embed Frameworks */,
			);
			name = "Embed Frameworks";
			runOnlyForDeploymentPostprocessing = 0;
		};
/* End PBXCopyFilesBuildPhase section */

/* Begin PBXFileReference section */
		3969412DEEA0B3EA2ABA65BD /* Pods-Example.debug.xcconfig */ = {isa = PBXFileReference; includeInIndex = 1; lastKnownFileType = text.xcconfig; name = "Pods-Example.debug.xcconfig"; path = "Pods/Target Support Files/Pods-Example/Pods-Example.debug.xcconfig"; sourceTree = "<group>"; };
		489556EBD3C5478385856871 /* Pods_Example.framework */ = {isa = PBXFileReference; explicitFileType = wrapper.framework; includeInIndex = 0; path = Pods_Example.framework; sourceTree = BUILT_PRODUCTS_DIR; };
		7CA0323456C62DAFD837F3B0 /* Pods-Example.release.xcconfig */ = {isa = PBXFileReference; includeInIndex = 1; lastKnownFileType = text.xcconfig; name = "Pods-Example.release.xcconfig"; path = "Pods/Target Support Files/Pods-Example/Pods-Example.release.xcconfig"; sourceTree = "<group>"; };
		A76582D26C8528E28F0B7D17 /* Pods_XYThirdParty.framework */ = {isa = PBXFileReference; explicitFileType = wrapper.framework; includeInIndex = 0; path = Pods_XYThirdParty.framework; sourceTree = BUILT_PRODUCTS_DIR; };
		AC1752B222B3DE0900F447B6 /* Example.app */ = {isa = PBXFileReference; explicitFileType = wrapper.application; includeInIndex = 0; path = Example.app; sourceTree = BUILT_PRODUCTS_DIR; };
		AC1752B422B3DE0900F447B6 /* AppDelegate.h */ = {isa = PBXFileReference; lastKnownFileType = sourcecode.c.h; path = AppDelegate.h; sourceTree = "<group>"; };
		AC1752B522B3DE0900F447B6 /* AppDelegate.m */ = {isa = PBXFileReference; lastKnownFileType = sourcecode.c.objc; path = AppDelegate.m; sourceTree = "<group>"; };
		AC1752B722B3DE0900F447B6 /* SceneDelegate.h */ = {isa = PBXFileReference; lastKnownFileType = sourcecode.c.h; path = SceneDelegate.h; sourceTree = "<group>"; };
		AC1752B822B3DE0900F447B6 /* SceneDelegate.m */ = {isa = PBXFileReference; lastKnownFileType = sourcecode.c.objc; path = SceneDelegate.m; sourceTree = "<group>"; };
		AC1752BE22B3DE0900F447B6 /* Base */ = {isa = PBXFileReference; lastKnownFileType = file.storyboard; name = Base; path = Base.lproj/Main.storyboard; sourceTree = "<group>"; };
		AC1752C022B3DE0900F447B6 /* Assets.xcassets */ = {isa = PBXFileReference; lastKnownFileType = folder.assetcatalog; path = Assets.xcassets; sourceTree = "<group>"; };
		AC1752C322B3DE0900F447B6 /* Base */ = {isa = PBXFileReference; lastKnownFileType = file.storyboard; name = Base; path = Base.lproj/LaunchScreen.storyboard; sourceTree = "<group>"; };
		AC1752C522B3DE0900F447B6 /* Info.plist */ = {isa = PBXFileReference; lastKnownFileType = text.plist.xml; path = Info.plist; sourceTree = "<group>"; };
		AC1752C622B3DE0900F447B6 /* main.m */ = {isa = PBXFileReference; lastKnownFileType = sourcecode.c.objc; path = main.m; sourceTree = "<group>"; };
		AC1752D022B3DE3F00F447B6 /* XYThirdParty.framework */ = {isa = PBXFileReference; explicitFileType = wrapper.framework; includeInIndex = 0; path = XYThirdParty.framework; sourceTree = BUILT_PRODUCTS_DIR; };
		AC1752D222B3DE3F00F447B6 /* XYThirdParty.h */ = {isa = PBXFileReference; lastKnownFileType = sourcecode.c.h; path = XYThirdParty.h; sourceTree = "<group>"; };
		AC1752D322B3DE3F00F447B6 /* Info.plist */ = {isa = PBXFileReference; lastKnownFileType = text.plist.xml; path = Info.plist; sourceTree = "<group>"; };
		AC8DDE161EEFC6830009C5AC /* XYThirdParty.podspec */ = {isa = PBXFileReference; fileEncoding = 4; lastKnownFileType = text; path = XYThirdParty.podspec; sourceTree = "<group>"; xcLanguageSpecificationIdentifier = xcode.lang.ruby; };
		ACC6EF6D22B3E01E00BF0F97 /* XYLoadingPage.m */ = {isa = PBXFileReference; fileEncoding = 4; lastKnownFileType = sourcecode.c.objc; path = XYLoadingPage.m; sourceTree = "<group>"; };
		ACC6EF6E22B3E01E00BF0F97 /* XYLoadingPage.h */ = {isa = PBXFileReference; fileEncoding = 4; lastKnownFileType = sourcecode.c.h; path = XYLoadingPage.h; sourceTree = "<group>"; };
		ACC6EF7022B3E01E00BF0F97 /* XYNetwork.m */ = {isa = PBXFileReference; fileEncoding = 4; lastKnownFileType = sourcecode.c.objc; path = XYNetwork.m; sourceTree = "<group>"; };
		ACC6EF7122B3E01E00BF0F97 /* XYNetwork.h */ = {isa = PBXFileReference; fileEncoding = 4; lastKnownFileType = sourcecode.c.h; path = XYNetwork.h; sourceTree = "<group>"; };
		ACC6EF7322B3E01E00BF0F97 /* XYSlider.h */ = {isa = PBXFileReference; fileEncoding = 4; lastKnownFileType = sourcecode.c.h; path = XYSlider.h; sourceTree = "<group>"; };
		ACC6EF7422B3E01E00BF0F97 /* XYSlider.m */ = {isa = PBXFileReference; fileEncoding = 4; lastKnownFileType = sourcecode.c.objc; path = XYSlider.m; sourceTree = "<group>"; };
		ACC6EF7622B3E01E00BF0F97 /* XYWebVC.m */ = {isa = PBXFileReference; fileEncoding = 4; lastKnownFileType = sourcecode.c.objc; path = XYWebVC.m; sourceTree = "<group>"; };
		ACC6EF7722B3E01E00BF0F97 /* XYWebVC.h */ = {isa = PBXFileReference; fileEncoding = 4; lastKnownFileType = sourcecode.c.h; path = XYWebVC.h; sourceTree = "<group>"; };
		ACC6EF7B22B3E01E00BF0F97 /* XYTableViewController.h */ = {isa = PBXFileReference; fileEncoding = 4; lastKnownFileType = sourcecode.c.h; path = XYTableViewController.h; sourceTree = "<group>"; };
		ACC6EF7C22B3E01E00BF0F97 /* XYTableViewController.m */ = {isa = PBXFileReference; fileEncoding = 4; lastKnownFileType = sourcecode.c.objc; path = XYTableViewController.m; sourceTree = "<group>"; };
		ACC6EF7E22B3E01E00BF0F97 /* XYScrollChartView.h */ = {isa = PBXFileReference; fileEncoding = 4; lastKnownFileType = sourcecode.c.h; path = XYScrollChartView.h; sourceTree = "<group>"; };
		ACC6EF7F22B3E01E00BF0F97 /* XYScrollChartView.m */ = {isa = PBXFileReference; fileEncoding = 4; lastKnownFileType = sourcecode.c.objc; path = XYScrollChartView.m; sourceTree = "<group>"; };
		ACC6EF8122B3E01E00BF0F97 /* XYToast.h */ = {isa = PBXFileReference; fileEncoding = 4; lastKnownFileType = sourcecode.c.h; path = XYToast.h; sourceTree = "<group>"; };
		ACC6EF8222B3E01E00BF0F97 /* XYToast.m */ = {isa = PBXFileReference; fileEncoding = 4; lastKnownFileType = sourcecode.c.objc; path = XYToast.m; sourceTree = "<group>"; };
		ACC6EF8422B3E01E00BF0F97 /* XYMenu.h */ = {isa = PBXFileReference; fileEncoding = 4; lastKnownFileType = sourcecode.c.h; path = XYMenu.h; sourceTree = "<group>"; };
		ACC6EF8522B3E01E00BF0F97 /* XYMenu.m */ = {isa = PBXFileReference; fileEncoding = 4; lastKnownFileType = sourcecode.c.objc; path = XYMenu.m; sourceTree = "<group>"; };
		ACC6EF9122B3E01E00BF0F97 /* XYScroll.m */ = {isa = PBXFileReference; fileEncoding = 4; lastKnownFileType = sourcecode.c.objc; path = XYScroll.m; sourceTree = "<group>"; };
		ACC6EF9222B3E01E00BF0F97 /* XYScroll.h */ = {isa = PBXFileReference; fileEncoding = 4; lastKnownFileType = sourcecode.c.h; path = XYScroll.h; sourceTree = "<group>"; };
		ACC6EF9722B3E01E00BF0F97 /* XYSegment.h */ = {isa = PBXFileReference; fileEncoding = 4; lastKnownFileType = sourcecode.c.h; path = XYSegment.h; sourceTree = "<group>"; };
		ACC6EF9822B3E01E00BF0F97 /* XYSegment.m */ = {isa = PBXFileReference; fileEncoding = 4; lastKnownFileType = sourcecode.c.objc; path = XYSegment.m; sourceTree = "<group>"; };
		ACC6EF9A22B3E01E00BF0F97 /* UIViewController+ImagePicker.m */ = {isa = PBXFileReference; fileEncoding = 4; lastKnownFileType = sourcecode.c.objc; path = "UIViewController+ImagePicker.m"; sourceTree = "<group>"; };
		ACC6EFA022B3E01E00BF0F97 /* UIViewController+DatePicker.h */ = {isa = PBXFileReference; fileEncoding = 4; lastKnownFileType = sourcecode.c.h; path = "UIViewController+DatePicker.h"; sourceTree = "<group>"; };
		ACC6EFA122B3E01E00BF0F97 /* UIViewController+ImagePicker.h */ = {isa = PBXFileReference; fileEncoding = 4; lastKnownFileType = sourcecode.c.h; path = "UIViewController+ImagePicker.h"; sourceTree = "<group>"; };
		ACC6EFA222B3E01E00BF0F97 /* UIViewController+DatePicker.m */ = {isa = PBXFileReference; fileEncoding = 4; lastKnownFileType = sourcecode.c.objc; path = "UIViewController+DatePicker.m"; sourceTree = "<group>"; };
		ACC6EFAB22B3E01E00BF0F97 /* XYButton.h */ = {isa = PBXFileReference; fileEncoding = 4; lastKnownFileType = sourcecode.c.h; path = XYButton.h; sourceTree = "<group>"; };
		ACC6EFAC22B3E01E00BF0F97 /* XYButton.m */ = {isa = PBXFileReference; fileEncoding = 4; lastKnownFileType = sourcecode.c.objc; path = XYButton.m; sourceTree = "<group>"; };
		ACC6EFAE22B3E01E00BF0F97 /* UIViewController+Log.h */ = {isa = PBXFileReference; fileEncoding = 4; lastKnownFileType = sourcecode.c.h; path = "UIViewController+Log.h"; sourceTree = "<group>"; };
		ACC6EFAF22B3E01E00BF0F97 /* Log.h */ = {isa = PBXFileReference; fileEncoding = 4; lastKnownFileType = sourcecode.c.h; path = Log.h; sourceTree = "<group>"; };
		ACC6EFB022B3E01E00BF0F97 /* UIViewController+Log.m */ = {isa = PBXFileReference; fileEncoding = 4; lastKnownFileType = sourcecode.c.objc; path = "UIViewController+Log.m"; sourceTree = "<group>"; };
		ACC6EFB222B3E01E00BF0F97 /* XYCollectionViewController.m */ = {isa = PBXFileReference; fileEncoding = 4; lastKnownFileType = sourcecode.c.objc; path = XYCollectionViewController.m; sourceTree = "<group>"; };
		ACC6EFB322B3E01E00BF0F97 /* XYCollectionViewController.h */ = {isa = PBXFileReference; fileEncoding = 4; lastKnownFileType = sourcecode.c.h; path = XYCollectionViewController.h; sourceTree = "<group>"; };
		ACC6F00922B3E0F200BF0F97 /* TableViewController.m */ = {isa = PBXFileReference; fileEncoding = 4; lastKnownFileType = sourcecode.c.objc; path = TableViewController.m; sourceTree = "<group>"; };
		ACC6F01122B3E0F200BF0F97 /* XYThirdParty-Bridging-Header.h */ = {isa = PBXFileReference; fileEncoding = 4; lastKnownFileType = sourcecode.c.h; path = "XYThirdParty-Bridging-Header.h"; sourceTree = "<group>"; };
		ACC6F03322B3E0F300BF0F97 /* TableViewController.h */ = {isa = PBXFileReference; fileEncoding = 4; lastKnownFileType = sourcecode.c.h; path = TableViewController.h; sourceTree = "<group>"; };
		ACC6F06022B625A600BF0F97 /* TAAbstractDotView.h */ = {isa = PBXFileReference; fileEncoding = 4; lastKnownFileType = sourcecode.c.h; path = TAAbstractDotView.h; sourceTree = "<group>"; };
		ACC6F06122B625A600BF0F97 /* TADotView.m */ = {isa = PBXFileReference; fileEncoding = 4; lastKnownFileType = sourcecode.c.objc; path = TADotView.m; sourceTree = "<group>"; };
		ACC6F06222B625A600BF0F97 /* TAPageControl.m */ = {isa = PBXFileReference; fileEncoding = 4; lastKnownFileType = sourcecode.c.objc; path = TAPageControl.m; sourceTree = "<group>"; };
		ACC6F06322B625A600BF0F97 /* TAAnimatedDotView.m */ = {isa = PBXFileReference; fileEncoding = 4; lastKnownFileType = sourcecode.c.objc; path = TAAnimatedDotView.m; sourceTree = "<group>"; };
		ACC6F06422B625A600BF0F97 /* TAAbstractDotView.m */ = {isa = PBXFileReference; fileEncoding = 4; lastKnownFileType = sourcecode.c.objc; path = TAAbstractDotView.m; sourceTree = "<group>"; };
		ACC6F06522B625A600BF0F97 /* TADotView.h */ = {isa = PBXFileReference; fileEncoding = 4; lastKnownFileType = sourcecode.c.h; path = TADotView.h; sourceTree = "<group>"; };
		ACC6F06622B625A600BF0F97 /* TAAnimatedDotView.h */ = {isa = PBXFileReference; fileEncoding = 4; lastKnownFileType = sourcecode.c.h; path = TAAnimatedDotView.h; sourceTree = "<group>"; };
		ACC6F06722B625A600BF0F97 /* TAPageControl.h */ = {isa = PBXFileReference; fileEncoding = 4; lastKnownFileType = sourcecode.c.h; path = TAPageControl.h; sourceTree = "<group>"; };
		ACC6F07122B6285A00BF0F97 /* MZTimerLabel.framework */ = {isa = PBXFileReference; lastKnownFileType = wrapper.framework; name = MZTimerLabel.framework; path = Carthage/Build/iOS/MZTimerLabel.framework; sourceTree = "<group>"; };
		ACC6F07222B6285A00BF0F97 /* TZImagePickerController.framework */ = {isa = PBXFileReference; lastKnownFileType = wrapper.framework; name = TZImagePickerController.framework; path = Carthage/Build/iOS/TZImagePickerController.framework; sourceTree = "<group>"; };
		ACC6F07322B6285A00BF0F97 /* YYText.framework */ = {isa = PBXFileReference; lastKnownFileType = wrapper.framework; name = YYText.framework; path = Carthage/Build/iOS/YYText.framework; sourceTree = "<group>"; };
		ACC6F07422B6285B00BF0F97 /* AFNetworking.framework */ = {isa = PBXFileReference; lastKnownFileType = wrapper.framework; name = AFNetworking.framework; path = Carthage/Build/iOS/AFNetworking.framework; sourceTree = "<group>"; };
		ACC6F07522B6285B00BF0F97 /* MJRefresh.framework */ = {isa = PBXFileReference; lastKnownFileType = wrapper.framework; name = MJRefresh.framework; path = Carthage/Build/iOS/MJRefresh.framework; sourceTree = "<group>"; };
		ACC6F07622B6285B00BF0F97 /* CocoaLumberjack.framework */ = {isa = PBXFileReference; lastKnownFileType = wrapper.framework; name = CocoaLumberjack.framework; path = Carthage/Build/iOS/CocoaLumberjack.framework; sourceTree = "<group>"; };
		ACC6F07722B6285B00BF0F97 /* MBProgressHUD.framework */ = {isa = PBXFileReference; lastKnownFileType = wrapper.framework; name = MBProgressHUD.framework; path = Carthage/Build/iOS/MBProgressHUD.framework; sourceTree = "<group>"; };
		ACC6F07822B6285B00BF0F97 /* Toast.framework */ = {isa = PBXFileReference; lastKnownFileType = wrapper.framework; name = Toast.framework; path = Carthage/Build/iOS/Toast.framework; sourceTree = "<group>"; };
		ACC6F07922B6285B00BF0F97 /* YYImage.framework */ = {isa = PBXFileReference; lastKnownFileType = wrapper.framework; name = YYImage.framework; path = Carthage/Build/iOS/YYImage.framework; sourceTree = "<group>"; };
		ACC6F08822B62CB300BF0F97 /* RichText.framework */ = {isa = PBXFileReference; explicitFileType = wrapper.framework; includeInIndex = 0; path = RichText.framework; sourceTree = BUILT_PRODUCTS_DIR; };
		ACC6F08A22B62CB300BF0F97 /* RichText.h */ = {isa = PBXFileReference; lastKnownFileType = sourcecode.c.h; path = RichText.h; sourceTree = "<group>"; };
		ACC6F08B22B62CB300BF0F97 /* Info.plist */ = {isa = PBXFileReference; lastKnownFileType = text.plist.xml; path = Info.plist; sourceTree = "<group>"; };
		ACC6F0B322B6340D00BF0F97 /* XYScroll.m */ = {isa = PBXFileReference; fileEncoding = 4; lastKnownFileType = sourcecode.c.objc; path = XYScroll.m; sourceTree = "<group>"; };
		ACC6F0B422B6340D00BF0F97 /* XYScroll.h */ = {isa = PBXFileReference; fileEncoding = 4; lastKnownFileType = sourcecode.c.h; path = XYScroll.h; sourceTree = "<group>"; };
		ACC6F0B822B634FB00BF0F97 /* XYRichTextVC.m */ = {isa = PBXFileReference; fileEncoding = 4; lastKnownFileType = sourcecode.c.objc; path = XYRichTextVC.m; sourceTree = "<group>"; };
		ACC6F0B922B634FB00BF0F97 /* ImageUploader.m */ = {isa = PBXFileReference; fileEncoding = 4; lastKnownFileType = sourcecode.c.objc; path = ImageUploader.m; sourceTree = "<group>"; };
		ACC6F0BA22B634FB00BF0F97 /* XYRichTextVC.h */ = {isa = PBXFileReference; fileEncoding = 4; lastKnownFileType = sourcecode.c.h; path = XYRichTextVC.h; sourceTree = "<group>"; };
		ACC6F0BB22B634FB00BF0F97 /* ImageUploader.h */ = {isa = PBXFileReference; fileEncoding = 4; lastKnownFileType = sourcecode.c.h; path = ImageUploader.h; sourceTree = "<group>"; };
		ACC6F0BD22B634FB00BF0F97 /* UIImageView+ImageLoader.m */ = {isa = PBXFileReference; fileEncoding = 4; lastKnownFileType = sourcecode.c.objc; path = "UIImageView+ImageLoader.m"; sourceTree = "<group>"; };
		ACC6F0BE22B634FB00BF0F97 /* CALayer+ImageLoader.m */ = {isa = PBXFileReference; fileEncoding = 4; lastKnownFileType = sourcecode.c.objc; path = "CALayer+ImageLoader.m"; sourceTree = "<group>"; };
		ACC6F0BF22B634FB00BF0F97 /* XYImageLoader.m */ = {isa = PBXFileReference; fileEncoding = 4; lastKnownFileType = sourcecode.c.objc; path = XYImageLoader.m; sourceTree = "<group>"; };
		ACC6F0C022B634FB00BF0F97 /* XYImageLoader.h */ = {isa = PBXFileReference; fileEncoding = 4; lastKnownFileType = sourcecode.c.h; path = XYImageLoader.h; sourceTree = "<group>"; };
		ACC6F0C122B634FB00BF0F97 /* CALayer+ImageLoader.h */ = {isa = PBXFileReference; fileEncoding = 4; lastKnownFileType = sourcecode.c.h; path = "CALayer+ImageLoader.h"; sourceTree = "<group>"; };
		ACC6F0C222B634FB00BF0F97 /* UIImageView+ImageLoader.h */ = {isa = PBXFileReference; fileEncoding = 4; lastKnownFileType = sourcecode.c.h; path = "UIImageView+ImageLoader.h"; sourceTree = "<group>"; };
/* End PBXFileReference section */

/* Begin PBXFrameworksBuildPhase section */
		AC1752AF22B3DE0900F447B6 /* Frameworks */ = {
			isa = PBXFrameworksBuildPhase;
			buildActionMask = 2147483647;
			files = (
				AC1752D722B3DE3F00F447B6 /* XYThirdParty.framework in Frameworks */,
				D6689EEABF84C8A46FE08DAF /* Pods_Example.framework in Frameworks */,
				ACC6F08F22B62CB300BF0F97 /* RichText.framework in Frameworks */,
			);
			runOnlyForDeploymentPostprocessing = 0;
		};
		AC1752CD22B3DE3F00F447B6 /* Frameworks */ = {
			isa = PBXFrameworksBuildPhase;
			buildActionMask = 2147483647;
			files = (
				ACC6F07A22B6285B00BF0F97 /* MZTimerLabel.framework in Frameworks */,
				ACC6F07B22B6285B00BF0F97 /* TZImagePickerController.framework in Frameworks */,
				ACC6F07C22B6285B00BF0F97 /* YYText.framework in Frameworks */,
				ACC6F07D22B6285B00BF0F97 /* AFNetworking.framework in Frameworks */,
				ACC6F07E22B6285B00BF0F97 /* MJRefresh.framework in Frameworks */,
				ACC6F07F22B6285B00BF0F97 /* CocoaLumberjack.framework in Frameworks */,
				ACC6F08022B6285B00BF0F97 /* MBProgressHUD.framework in Frameworks */,
				ACC6F08122B6285B00BF0F97 /* Toast.framework in Frameworks */,
				ACC6F08222B6285B00BF0F97 /* YYImage.framework in Frameworks */,
			);
			runOnlyForDeploymentPostprocessing = 0;
		};
		ACC6F08522B62CB300BF0F97 /* Frameworks */ = {
			isa = PBXFrameworksBuildPhase;
			buildActionMask = 2147483647;
			files = (
			);
			runOnlyForDeploymentPostprocessing = 0;
		};
/* End PBXFrameworksBuildPhase section */

/* Begin PBXGroup section */
		7235C34D494A5DEBAFA99786 /* Frameworks */ = {
			isa = PBXGroup;
			children = (
				ACC6F07422B6285B00BF0F97 /* AFNetworking.framework */,
				ACC6F07622B6285B00BF0F97 /* CocoaLumberjack.framework */,
				ACC6F07722B6285B00BF0F97 /* MBProgressHUD.framework */,
				ACC6F07522B6285B00BF0F97 /* MJRefresh.framework */,
				ACC6F07122B6285A00BF0F97 /* MZTimerLabel.framework */,
				ACC6F07822B6285B00BF0F97 /* Toast.framework */,
				ACC6F07222B6285A00BF0F97 /* TZImagePickerController.framework */,
				ACC6F07922B6285B00BF0F97 /* YYImage.framework */,
				ACC6F07322B6285A00BF0F97 /* YYText.framework */,
				A76582D26C8528E28F0B7D17 /* Pods_XYThirdParty.framework */,
				489556EBD3C5478385856871 /* Pods_Example.framework */,
			);
			name = Frameworks;
			sourceTree = "<group>";
		};
		90B75613276AA6830C1B57AC /* Pods */ = {
			isa = PBXGroup;
			children = (
				3969412DEEA0B3EA2ABA65BD /* Pods-Example.debug.xcconfig */,
				7CA0323456C62DAFD837F3B0 /* Pods-Example.release.xcconfig */,
			);
			name = Pods;
			sourceTree = "<group>";
		};
		AC1752B322B3DE0900F447B6 /* Example */ = {
			isa = PBXGroup;
			children = (
				ACC6F03322B3E0F300BF0F97 /* TableViewController.h */,
				ACC6F00922B3E0F200BF0F97 /* TableViewController.m */,
				ACC6F01122B3E0F200BF0F97 /* XYThirdParty-Bridging-Header.h */,
				AC1752B422B3DE0900F447B6 /* AppDelegate.h */,
				AC1752B522B3DE0900F447B6 /* AppDelegate.m */,
				AC1752B722B3DE0900F447B6 /* SceneDelegate.h */,
				AC1752B822B3DE0900F447B6 /* SceneDelegate.m */,
				AC1752BD22B3DE0900F447B6 /* Main.storyboard */,
				AC1752C022B3DE0900F447B6 /* Assets.xcassets */,
				AC1752C222B3DE0900F447B6 /* LaunchScreen.storyboard */,
				AC1752C522B3DE0900F447B6 /* Info.plist */,
				AC1752C622B3DE0900F447B6 /* main.m */,
			);
			path = Example;
			sourceTree = "<group>";
		};
		AC1752D122B3DE3F00F447B6 /* XYThirdParty */ = {
			isa = PBXGroup;
			children = (
				ACC6F0B222B6340D00BF0F97 /* Dif_XYScroll */,
				ACC6EF9922B3E01E00BF0F97 /* UIViewControllerExtention */,
				ACC6EFAA22B3E01E00BF0F97 /* XYButton */,
				ACC6EFB122B3E01E00BF0F97 /* XYCollectionViewController */,
				ACC6EF6C22B3E01E00BF0F97 /* XYLoadingPage */,
				ACC6EFAD22B3E01E00BF0F97 /* XYLog */,
				ACC6EF8322B3E01E00BF0F97 /* XYMenu */,
				ACC6EF6F22B3E01E00BF0F97 /* XYNetwork */,
				ACC6EF9022B3E01E00BF0F97 /* XYScroll */,
				ACC6EF7D22B3E01E00BF0F97 /* XYScrollChartView */,
				ACC6EF9622B3E01E00BF0F97 /* XYSegment */,
				ACC6EF7222B3E01E00BF0F97 /* XYSlider */,
				ACC6EF7822B3E01E00BF0F97 /* XYTableViewController */,
				ACC6EF8022B3E01E00BF0F97 /* XYToast */,
				ACC6EF7522B3E01E00BF0F97 /* XYWebVC */,
				AC1752D222B3DE3F00F447B6 /* XYThirdParty.h */,
				AC1752D322B3DE3F00F447B6 /* Info.plist */,
				ACC6F05F22B625A600BF0F97 /* TAPageControl */,
			);
			path = XYThirdParty;
			sourceTree = "<group>";
		};
		AC8DDD711EEFC2A50009C5AC = {
			isa = PBXGroup;
			children = (
				AC8DDE161EEFC6830009C5AC /* XYThirdParty.podspec */,
				AC1752B322B3DE0900F447B6 /* Example */,
				AC1752D122B3DE3F00F447B6 /* XYThirdParty */,
				ACC6F08922B62CB300BF0F97 /* RichText */,
				AC8DDD7B1EEFC2A50009C5AC /* Products */,
				90B75613276AA6830C1B57AC /* Pods */,
				7235C34D494A5DEBAFA99786 /* Frameworks */,
			);
			sourceTree = "<group>";
		};
		AC8DDD7B1EEFC2A50009C5AC /* Products */ = {
			isa = PBXGroup;
			children = (
				AC1752B222B3DE0900F447B6 /* Example.app */,
				AC1752D022B3DE3F00F447B6 /* XYThirdParty.framework */,
				ACC6F08822B62CB300BF0F97 /* RichText.framework */,
			);
			name = Products;
			sourceTree = "<group>";
		};
		ACC6EF6C22B3E01E00BF0F97 /* XYLoadingPage */ = {
			isa = PBXGroup;
			children = (
				ACC6EF6E22B3E01E00BF0F97 /* XYLoadingPage.h */,
				ACC6EF6D22B3E01E00BF0F97 /* XYLoadingPage.m */,
			);
			path = XYLoadingPage;
			sourceTree = "<group>";
		};
		ACC6EF6F22B3E01E00BF0F97 /* XYNetwork */ = {
			isa = PBXGroup;
			children = (
				ACC6EF7122B3E01E00BF0F97 /* XYNetwork.h */,
				ACC6EF7022B3E01E00BF0F97 /* XYNetwork.m */,
			);
			path = XYNetwork;
			sourceTree = "<group>";
		};
		ACC6EF7222B3E01E00BF0F97 /* XYSlider */ = {
			isa = PBXGroup;
			children = (
				ACC6EF7322B3E01E00BF0F97 /* XYSlider.h */,
				ACC6EF7422B3E01E00BF0F97 /* XYSlider.m */,
			);
			path = XYSlider;
			sourceTree = "<group>";
		};
		ACC6EF7522B3E01E00BF0F97 /* XYWebVC */ = {
			isa = PBXGroup;
			children = (
				ACC6EF7622B3E01E00BF0F97 /* XYWebVC.m */,
				ACC6EF7722B3E01E00BF0F97 /* XYWebVC.h */,
			);
			path = XYWebVC;
			sourceTree = "<group>";
		};
		ACC6EF7822B3E01E00BF0F97 /* XYTableViewController */ = {
			isa = PBXGroup;
			children = (
				ACC6EF7B22B3E01E00BF0F97 /* XYTableViewController.h */,
				ACC6EF7C22B3E01E00BF0F97 /* XYTableViewController.m */,
			);
			path = XYTableViewController;
			sourceTree = "<group>";
		};
		ACC6EF7D22B3E01E00BF0F97 /* XYScrollChartView */ = {
			isa = PBXGroup;
			children = (
				ACC6EF7E22B3E01E00BF0F97 /* XYScrollChartView.h */,
				ACC6EF7F22B3E01E00BF0F97 /* XYScrollChartView.m */,
			);
			path = XYScrollChartView;
			sourceTree = "<group>";
		};
		ACC6EF8022B3E01E00BF0F97 /* XYToast */ = {
			isa = PBXGroup;
			children = (
				ACC6EF8122B3E01E00BF0F97 /* XYToast.h */,
				ACC6EF8222B3E01E00BF0F97 /* XYToast.m */,
			);
			path = XYToast;
			sourceTree = "<group>";
		};
		ACC6EF8322B3E01E00BF0F97 /* XYMenu */ = {
			isa = PBXGroup;
			children = (
				ACC6EF8422B3E01E00BF0F97 /* XYMenu.h */,
				ACC6EF8522B3E01E00BF0F97 /* XYMenu.m */,
			);
			path = XYMenu;
			sourceTree = "<group>";
		};
		ACC6EF9022B3E01E00BF0F97 /* XYScroll */ = {
			isa = PBXGroup;
			children = (
				ACC6EF9222B3E01E00BF0F97 /* XYScroll.h */,
				ACC6EF9122B3E01E00BF0F97 /* XYScroll.m */,
			);
			path = XYScroll;
			sourceTree = "<group>";
		};
		ACC6EF9622B3E01E00BF0F97 /* XYSegment */ = {
			isa = PBXGroup;
			children = (
				ACC6EF9722B3E01E00BF0F97 /* XYSegment.h */,
				ACC6EF9822B3E01E00BF0F97 /* XYSegment.m */,
			);
			path = XYSegment;
			sourceTree = "<group>";
		};
		ACC6EF9922B3E01E00BF0F97 /* UIViewControllerExtention */ = {
			isa = PBXGroup;
			children = (
				ACC6EFA122B3E01E00BF0F97 /* UIViewController+ImagePicker.h */,
				ACC6EF9A22B3E01E00BF0F97 /* UIViewController+ImagePicker.m */,
				ACC6EFA022B3E01E00BF0F97 /* UIViewController+DatePicker.h */,
				ACC6EFA222B3E01E00BF0F97 /* UIViewController+DatePicker.m */,
			);
			path = UIViewControllerExtention;
			sourceTree = "<group>";
		};
		ACC6EFAA22B3E01E00BF0F97 /* XYButton */ = {
			isa = PBXGroup;
			children = (
				ACC6EFAB22B3E01E00BF0F97 /* XYButton.h */,
				ACC6EFAC22B3E01E00BF0F97 /* XYButton.m */,
			);
			path = XYButton;
			sourceTree = "<group>";
		};
		ACC6EFAD22B3E01E00BF0F97 /* XYLog */ = {
			isa = PBXGroup;
			children = (
				ACC6EFAF22B3E01E00BF0F97 /* Log.h */,
				ACC6EFAE22B3E01E00BF0F97 /* UIViewController+Log.h */,
				ACC6EFB022B3E01E00BF0F97 /* UIViewController+Log.m */,
			);
			path = XYLog;
			sourceTree = "<group>";
		};
		ACC6EFB122B3E01E00BF0F97 /* XYCollectionViewController */ = {
			isa = PBXGroup;
			children = (
				ACC6EFB222B3E01E00BF0F97 /* XYCollectionViewController.m */,
				ACC6EFB322B3E01E00BF0F97 /* XYCollectionViewController.h */,
			);
			path = XYCollectionViewController;
			sourceTree = "<group>";
		};
		ACC6F05F22B625A600BF0F97 /* TAPageControl */ = {
			isa = PBXGroup;
			children = (
				ACC6F06022B625A600BF0F97 /* TAAbstractDotView.h */,
				ACC6F06122B625A600BF0F97 /* TADotView.m */,
				ACC6F06222B625A600BF0F97 /* TAPageControl.m */,
				ACC6F06322B625A600BF0F97 /* TAAnimatedDotView.m */,
				ACC6F06422B625A600BF0F97 /* TAAbstractDotView.m */,
				ACC6F06522B625A600BF0F97 /* TADotView.h */,
				ACC6F06622B625A600BF0F97 /* TAAnimatedDotView.h */,
				ACC6F06722B625A600BF0F97 /* TAPageControl.h */,
			);
			path = TAPageControl;
			sourceTree = "<group>";
		};
		ACC6F08922B62CB300BF0F97 /* RichText */ = {
			isa = PBXGroup;
			children = (
				ACC6F0BC22B634FB00BF0F97 /* FlyImageManager */,
				ACC6F0B722B634FB00BF0F97 /* RichText */,
				ACC6F08A22B62CB300BF0F97 /* RichText.h */,
				ACC6F08B22B62CB300BF0F97 /* Info.plist */,
			);
			path = RichText;
			sourceTree = "<group>";
		};
		ACC6F0B222B6340D00BF0F97 /* Dif_XYScroll */ = {
			isa = PBXGroup;
			children = (
				ACC6F0B322B6340D00BF0F97 /* XYScroll.m */,
				ACC6F0B422B6340D00BF0F97 /* XYScroll.h */,
			);
			path = Dif_XYScroll;
			sourceTree = "<group>";
		};
		ACC6F0B722B634FB00BF0F97 /* RichText */ = {
			isa = PBXGroup;
			children = (
				ACC6F0B822B634FB00BF0F97 /* XYRichTextVC.m */,
				ACC6F0B922B634FB00BF0F97 /* ImageUploader.m */,
				ACC6F0BA22B634FB00BF0F97 /* XYRichTextVC.h */,
				ACC6F0BB22B634FB00BF0F97 /* ImageUploader.h */,
			);
			path = RichText;
			sourceTree = "<group>";
		};
		ACC6F0BC22B634FB00BF0F97 /* FlyImageManager */ = {
			isa = PBXGroup;
			children = (
				ACC6F0BD22B634FB00BF0F97 /* UIImageView+ImageLoader.m */,
				ACC6F0BE22B634FB00BF0F97 /* CALayer+ImageLoader.m */,
				ACC6F0BF22B634FB00BF0F97 /* XYImageLoader.m */,
				ACC6F0C022B634FB00BF0F97 /* XYImageLoader.h */,
				ACC6F0C122B634FB00BF0F97 /* CALayer+ImageLoader.h */,
				ACC6F0C222B634FB00BF0F97 /* UIImageView+ImageLoader.h */,
			);
			path = FlyImageManager;
			sourceTree = "<group>";
		};
/* End PBXGroup section */

/* Begin PBXHeadersBuildPhase section */
		AC1752CB22B3DE3F00F447B6 /* Headers */ = {
			isa = PBXHeadersBuildPhase;
			buildActionMask = 2147483647;
			files = (
				ACC6EFD922B3E01F00BF0F97 /* UIViewController+ImagePicker.h in Headers */,
				ACC6EFBF22B3E01E00BF0F97 /* XYScrollChartView.h in Headers */,
				ACC6EFB822B3E01E00BF0F97 /* XYSlider.h in Headers */,
				ACC6EFE722B3E01F00BF0F97 /* XYCollectionViewController.h in Headers */,
				ACC6EFB722B3E01E00BF0F97 /* XYNetwork.h in Headers */,
				ACC6EFC122B3E01F00BF0F97 /* XYToast.h in Headers */,
				ACC6EFD122B3E01F00BF0F97 /* XYSegment.h in Headers */,
				ACC6F0B122B6333500BF0F97 /* XYWebVC.h in Headers */,
				AC1752D422B3DE3F00F447B6 /* XYThirdParty.h in Headers */,
				ACC6EFBD22B3E01E00BF0F97 /* XYTableViewController.h in Headers */,
				ACC6EFC322B3E01F00BF0F97 /* XYMenu.h in Headers */,
				ACC6EFB522B3E01E00BF0F97 /* XYLoadingPage.h in Headers */,
				ACC6F06F22B625A600BF0F97 /* TAPageControl.h in Headers */,
				ACC6F06E22B625A600BF0F97 /* TAAnimatedDotView.h in Headers */,
				ACC6F06822B625A600BF0F97 /* TAAbstractDotView.h in Headers */,
				ACC6F0B622B6340D00BF0F97 /* XYScroll.h in Headers */,
				ACC6F06D22B625A600BF0F97 /* TADotView.h in Headers */,
				ACC6EFE422B3E01F00BF0F97 /* Log.h in Headers */,
				ACC6EFD822B3E01F00BF0F97 /* UIViewController+DatePicker.h in Headers */,
				ACC6EFE122B3E01F00BF0F97 /* XYButton.h in Headers */,
				ACC6EFE322B3E01F00BF0F97 /* UIViewController+Log.h in Headers */,
			);
			runOnlyForDeploymentPostprocessing = 0;
		};
		ACC6F08322B62CB300BF0F97 /* Headers */ = {
			isa = PBXHeadersBuildPhase;
			buildActionMask = 2147483647;
			files = (
				ACC6F0CA22B634FB00BF0F97 /* XYImageLoader.h in Headers */,
				ACC6F0C622B634FB00BF0F97 /* ImageUploader.h in Headers */,
				ACC6F0CC22B634FB00BF0F97 /* UIImageView+ImageLoader.h in Headers */,
				ACC6F08C22B62CB300BF0F97 /* RichText.h in Headers */,
				ACC6F0C522B634FB00BF0F97 /* XYRichTextVC.h in Headers */,
				ACC6F0CB22B634FB00BF0F97 /* CALayer+ImageLoader.h in Headers */,
			);
			runOnlyForDeploymentPostprocessing = 0;
		};
/* End PBXHeadersBuildPhase section */

/* Begin PBXNativeTarget section */
		AC1752B122B3DE0900F447B6 /* Example */ = {
			isa = PBXNativeTarget;
			buildConfigurationList = AC1752C822B3DE0900F447B6 /* Build configuration list for PBXNativeTarget "Example" */;
			buildPhases = (
				22357867F4F99744290154B1 /* [CP] Check Pods Manifest.lock */,
				AC1752AE22B3DE0900F447B6 /* Sources */,
				AC1752AF22B3DE0900F447B6 /* Frameworks */,
				AC1752B022B3DE0900F447B6 /* Resources */,
				AC1752DC22B3DE3F00F447B6 /* Embed Frameworks */,
				FDFB41CC0335BF96CA3358AC /* [CP] Embed Pods Frameworks */,
			);
			buildRules = (
			);
			dependencies = (
				AC1752D622B3DE3F00F447B6 /* PBXTargetDependency */,
				ACC6F08E22B62CB300BF0F97 /* PBXTargetDependency */,
			);
			name = Example;
			productName = Example;
			productReference = AC1752B222B3DE0900F447B6 /* Example.app */;
			productType = "com.apple.product-type.application";
		};
		AC1752CF22B3DE3F00F447B6 /* XYThirdParty */ = {
			isa = PBXNativeTarget;
			buildConfigurationList = AC1752D922B3DE3F00F447B6 /* Build configuration list for PBXNativeTarget "XYThirdParty" */;
			buildPhases = (
				AC1752CB22B3DE3F00F447B6 /* Headers */,
				AC1752CC22B3DE3F00F447B6 /* Sources */,
				AC1752CD22B3DE3F00F447B6 /* Frameworks */,
				AC1752CE22B3DE3F00F447B6 /* Resources */,
			);
			buildRules = (
			);
			dependencies = (
			);
			name = XYThirdParty;
			productName = XYThirdParty;
			productReference = AC1752D022B3DE3F00F447B6 /* XYThirdParty.framework */;
			productType = "com.apple.product-type.framework";
		};
		ACC6F08722B62CB300BF0F97 /* RichText */ = {
			isa = PBXNativeTarget;
			buildConfigurationList = ACC6F09122B62CB300BF0F97 /* Build configuration list for PBXNativeTarget "RichText" */;
			buildPhases = (
				ACC6F08322B62CB300BF0F97 /* Headers */,
				ACC6F08422B62CB300BF0F97 /* Sources */,
				ACC6F08522B62CB300BF0F97 /* Frameworks */,
				ACC6F08622B62CB300BF0F97 /* Resources */,
			);
			buildRules = (
			);
			dependencies = (
			);
			name = RichText;
			productName = RichText;
			productReference = ACC6F08822B62CB300BF0F97 /* RichText.framework */;
			productType = "com.apple.product-type.framework";
		};
/* End PBXNativeTarget section */

/* Begin PBXProject section */
		AC8DDD721EEFC2A50009C5AC /* Project object */ = {
			isa = PBXProject;
			attributes = {
				LastUpgradeCheck = 0830;
				ORGANIZATIONNAME = xyzhenu;
				TargetAttributes = {
					AC1752B122B3DE0900F447B6 = {
						CreatedOnToolsVersion = 11.0;
						DevelopmentTeam = 9FYGYU94H6;
						ProvisioningStyle = Automatic;
					};
					AC1752CF22B3DE3F00F447B6 = {
						CreatedOnToolsVersion = 11.0;
						DevelopmentTeam = 9FYGYU94H6;
						ProvisioningStyle = Automatic;
					};
					ACC6F08722B62CB300BF0F97 = {
						CreatedOnToolsVersion = 10.2.1;
						DevelopmentTeam = 9FYGYU94H6;
						ProvisioningStyle = Automatic;
					};
				};
			};
			buildConfigurationList = AC8DDD751EEFC2A50009C5AC /* Build configuration list for PBXProject "XYThirdParty" */;
			compatibilityVersion = "Xcode 3.2";
			developmentRegion = English;
			hasScannedForEncodings = 0;
			knownRegions = (
				English,
				en,
				Base,
			);
			mainGroup = AC8DDD711EEFC2A50009C5AC;
			productRefGroup = AC8DDD7B1EEFC2A50009C5AC /* Products */;
			projectDirPath = "";
			projectRoot = "";
			targets = (
				AC1752B122B3DE0900F447B6 /* Example */,
				AC1752CF22B3DE3F00F447B6 /* XYThirdParty */,
				ACC6F08722B62CB300BF0F97 /* RichText */,
			);
		};
/* End PBXProject section */

/* Begin PBXResourcesBuildPhase section */
		AC1752B022B3DE0900F447B6 /* Resources */ = {
			isa = PBXResourcesBuildPhase;
			buildActionMask = 2147483647;
			files = (
				AC1752C422B3DE0900F447B6 /* LaunchScreen.storyboard in Resources */,
				AC1752C122B3DE0900F447B6 /* Assets.xcassets in Resources */,
				AC1752BF22B3DE0900F447B6 /* Main.storyboard in Resources */,
			);
			runOnlyForDeploymentPostprocessing = 0;
		};
		AC1752CE22B3DE3F00F447B6 /* Resources */ = {
			isa = PBXResourcesBuildPhase;
			buildActionMask = 2147483647;
			files = (
			);
			runOnlyForDeploymentPostprocessing = 0;
		};
		ACC6F08622B62CB300BF0F97 /* Resources */ = {
			isa = PBXResourcesBuildPhase;
			buildActionMask = 2147483647;
			files = (
			);
			runOnlyForDeploymentPostprocessing = 0;
		};
/* End PBXResourcesBuildPhase section */

/* Begin PBXShellScriptBuildPhase section */
		22357867F4F99744290154B1 /* [CP] Check Pods Manifest.lock */ = {
			isa = PBXShellScriptBuildPhase;
			buildActionMask = 2147483647;
			files = (
			);
			inputFileListPaths = (
			);
			inputPaths = (
				"${PODS_PODFILE_DIR_PATH}/Podfile.lock",
				"${PODS_ROOT}/Manifest.lock",
			);
			name = "[CP] Check Pods Manifest.lock";
			outputFileListPaths = (
			);
			outputPaths = (
				"$(DERIVED_FILE_DIR)/Pods-Example-checkManifestLockResult.txt",
			);
			runOnlyForDeploymentPostprocessing = 0;
			shellPath = /bin/sh;
			shellScript = "diff \"${PODS_PODFILE_DIR_PATH}/Podfile.lock\" \"${PODS_ROOT}/Manifest.lock\" > /dev/null\nif [ $? != 0 ] ; then\n    # print error to STDERR\n    echo \"error: The sandbox is not in sync with the Podfile.lock. Run 'pod install' or update your CocoaPods installation.\" >&2\n    exit 1\nfi\n# This output is used by Xcode 'outputs' to avoid re-running this script phase.\necho \"SUCCESS\" > \"${SCRIPT_OUTPUT_FILE_0}\"\n";
			showEnvVarsInLog = 0;
		};
		FDFB41CC0335BF96CA3358AC /* [CP] Embed Pods Frameworks */ = {
			isa = PBXShellScriptBuildPhase;
			buildActionMask = 2147483647;
			files = (
			);
			inputFileListPaths = (
			);
			inputPaths = (
				"${SRCROOT}/Pods/Target Support Files/Pods-Example/Pods-Example-frameworks.sh",
				"${BUILT_PRODUCTS_DIR}/AFNetworking/AFNetworking.framework",
				"${BUILT_PRODUCTS_DIR}/FlyImage/FlyImage.framework",
			);
			name = "[CP] Embed Pods Frameworks";
			outputFileListPaths = (
			);
			outputPaths = (
				"${TARGET_BUILD_DIR}/${FRAMEWORKS_FOLDER_PATH}/AFNetworking.framework",
				"${TARGET_BUILD_DIR}/${FRAMEWORKS_FOLDER_PATH}/FlyImage.framework",
			);
			runOnlyForDeploymentPostprocessing = 0;
			shellPath = /bin/sh;
			shellScript = "\"${SRCROOT}/Pods/Target Support Files/Pods-Example/Pods-Example-frameworks.sh\"\n";
			showEnvVarsInLog = 0;
		};
/* End PBXShellScriptBuildPhase section */

/* Begin PBXSourcesBuildPhase section */
		AC1752AE22B3DE0900F447B6 /* Sources */ = {
			isa = PBXSourcesBuildPhase;
			buildActionMask = 2147483647;
			files = (
				ACC6F04422B3E0F300BF0F97 /* TableViewController.m in Sources */,
				AC1752B622B3DE0900F447B6 /* AppDelegate.m in Sources */,
				AC1752C722B3DE0900F447B6 /* main.m in Sources */,
				AC1752B922B3DE0900F447B6 /* SceneDelegate.m in Sources */,
			);
			runOnlyForDeploymentPostprocessing = 0;
		};
		AC1752CC22B3DE3F00F447B6 /* Sources */ = {
			isa = PBXSourcesBuildPhase;
			buildActionMask = 2147483647;
			files = (
				ACC6F0B522B6340D00BF0F97 /* XYScroll.m in Sources */,
				ACC6EFDA22B3E01F00BF0F97 /* UIViewController+DatePicker.m in Sources */,
				ACC6F06C22B625A600BF0F97 /* TAAbstractDotView.m in Sources */,
				ACC6F06922B625A600BF0F97 /* TADotView.m in Sources */,
				ACC6EFC222B3E01F00BF0F97 /* XYToast.m in Sources */,
				ACC6EFBE22B3E01E00BF0F97 /* XYTableViewController.m in Sources */,
				ACC6EFC022B3E01F00BF0F97 /* XYScrollChartView.m in Sources */,
				ACC6EFD322B3E01F00BF0F97 /* UIViewController+ImagePicker.m in Sources */,
				AC18DBC42318C190005E14B3 /* XYWebVC.m in Sources */,
				ACC6EFE222B3E01F00BF0F97 /* XYButton.m in Sources */,
				ACC6EFC422B3E01F00BF0F97 /* XYMenu.m in Sources */,
				ACC6EFB922B3E01E00BF0F97 /* XYSlider.m in Sources */,
				ACC6EFD222B3E01F00BF0F97 /* XYSegment.m in Sources */,
				ACC6EFB422B3E01E00BF0F97 /* XYLoadingPage.m in Sources */,
				ACC6EFB622B3E01E00BF0F97 /* XYNetwork.m in Sources */,
				ACC6F06A22B625A600BF0F97 /* TAPageControl.m in Sources */,
				ACC6F06B22B625A600BF0F97 /* TAAnimatedDotView.m in Sources */,
				ACC6EFE622B3E01F00BF0F97 /* XYCollectionViewController.m in Sources */,
				ACC6EFE522B3E01F00BF0F97 /* UIViewController+Log.m in Sources */,
			);
			runOnlyForDeploymentPostprocessing = 0;
		};
		ACC6F08422B62CB300BF0F97 /* Sources */ = {
			isa = PBXSourcesBuildPhase;
			buildActionMask = 2147483647;
			files = (
				ACC6F0C322B634FB00BF0F97 /* XYRichTextVC.m in Sources */,
				ACC6F0C422B634FB00BF0F97 /* ImageUploader.m in Sources */,
				ACC6F0C822B634FB00BF0F97 /* CALayer+ImageLoader.m in Sources */,
				ACC6F0C922B634FB00BF0F97 /* XYImageLoader.m in Sources */,
				ACC6F0C722B634FB00BF0F97 /* UIImageView+ImageLoader.m in Sources */,
			);
			runOnlyForDeploymentPostprocessing = 0;
		};
/* End PBXSourcesBuildPhase section */

/* Begin PBXTargetDependency section */
		AC1752D622B3DE3F00F447B6 /* PBXTargetDependency */ = {
			isa = PBXTargetDependency;
			target = AC1752CF22B3DE3F00F447B6 /* XYThirdParty */;
			targetProxy = AC1752D522B3DE3F00F447B6 /* PBXContainerItemProxy */;
		};
		ACC6F08E22B62CB300BF0F97 /* PBXTargetDependency */ = {
			isa = PBXTargetDependency;
			target = ACC6F08722B62CB300BF0F97 /* RichText */;
			targetProxy = ACC6F08D22B62CB300BF0F97 /* PBXContainerItemProxy */;
		};
/* End PBXTargetDependency section */

/* Begin PBXVariantGroup section */
		AC1752BD22B3DE0900F447B6 /* Main.storyboard */ = {
			isa = PBXVariantGroup;
			children = (
				AC1752BE22B3DE0900F447B6 /* Base */,
			);
			name = Main.storyboard;
			sourceTree = "<group>";
		};
		AC1752C222B3DE0900F447B6 /* LaunchScreen.storyboard */ = {
			isa = PBXVariantGroup;
			children = (
				AC1752C322B3DE0900F447B6 /* Base */,
			);
			name = LaunchScreen.storyboard;
			sourceTree = "<group>";
		};
/* End PBXVariantGroup section */

/* Begin XCBuildConfiguration section */
		AC1752C922B3DE0900F447B6 /* Debug */ = {
			isa = XCBuildConfiguration;
			baseConfigurationReference = 3969412DEEA0B3EA2ABA65BD /* Pods-Example.debug.xcconfig */;
			buildSettings = {
				ASSETCATALOG_COMPILER_APPICON_NAME = AppIcon;
				CLANG_CXX_LANGUAGE_STANDARD = "gnu++14";
				CLANG_ENABLE_OBJC_WEAK = YES;
				CLANG_WARN_BLOCK_CAPTURE_AUTORELEASING = YES;
				CLANG_WARN_COMMA = YES;
				CLANG_WARN_DEPRECATED_OBJC_IMPLEMENTATIONS = YES;
				CLANG_WARN_NON_LITERAL_NULL_CONVERSION = YES;
				CLANG_WARN_OBJC_IMPLICIT_RETAIN_SELF = YES;
				CLANG_WARN_OBJC_LITERAL_CONVERSION = YES;
				CLANG_WARN_RANGE_LOOP_ANALYSIS = YES;
				CLANG_WARN_STRICT_PROTOTYPES = YES;
				CLANG_WARN_UNGUARDED_AVAILABILITY = YES_AGGRESSIVE;
				CODE_SIGN_IDENTITY = "iPhone Developer";
				CODE_SIGN_STYLE = Automatic;
				DEVELOPMENT_TEAM = 9FYGYU94H6;
				GCC_C_LANGUAGE_STANDARD = gnu11;
				INFOPLIST_FILE = Example/Info.plist;
				IPHONEOS_DEPLOYMENT_TARGET = 9.0;
				LD_RUNPATH_SEARCH_PATHS = "$(inherited) @executable_path/Frameworks";
				MTL_ENABLE_DEBUG_INFO = INCLUDE_SOURCE;
				MTL_FAST_MATH = YES;
				PRODUCT_BUNDLE_IDENTIFIER = XY.Example;
				PRODUCT_NAME = "$(TARGET_NAME)";
				TARGETED_DEVICE_FAMILY = "1,2";
			};
			name = Debug;
		};
		AC1752CA22B3DE0900F447B6 /* Release */ = {
			isa = XCBuildConfiguration;
			baseConfigurationReference = 7CA0323456C62DAFD837F3B0 /* Pods-Example.release.xcconfig */;
			buildSettings = {
				ASSETCATALOG_COMPILER_APPICON_NAME = AppIcon;
				CLANG_CXX_LANGUAGE_STANDARD = "gnu++14";
				CLANG_ENABLE_OBJC_WEAK = YES;
				CLANG_WARN_BLOCK_CAPTURE_AUTORELEASING = YES;
				CLANG_WARN_COMMA = YES;
				CLANG_WARN_DEPRECATED_OBJC_IMPLEMENTATIONS = YES;
				CLANG_WARN_NON_LITERAL_NULL_CONVERSION = YES;
				CLANG_WARN_OBJC_IMPLICIT_RETAIN_SELF = YES;
				CLANG_WARN_OBJC_LITERAL_CONVERSION = YES;
				CLANG_WARN_RANGE_LOOP_ANALYSIS = YES;
				CLANG_WARN_STRICT_PROTOTYPES = YES;
				CLANG_WARN_UNGUARDED_AVAILABILITY = YES_AGGRESSIVE;
				CODE_SIGN_IDENTITY = "iPhone Developer";
				CODE_SIGN_STYLE = Automatic;
				DEVELOPMENT_TEAM = 9FYGYU94H6;
				GCC_C_LANGUAGE_STANDARD = gnu11;
				INFOPLIST_FILE = Example/Info.plist;
				IPHONEOS_DEPLOYMENT_TARGET = 9.0;
				LD_RUNPATH_SEARCH_PATHS = "$(inherited) @executable_path/Frameworks";
				MTL_FAST_MATH = YES;
				PRODUCT_BUNDLE_IDENTIFIER = XY.Example;
				PRODUCT_NAME = "$(TARGET_NAME)";
				TARGETED_DEVICE_FAMILY = "1,2";
			};
			name = Release;
		};
		AC1752DA22B3DE3F00F447B6 /* Debug */ = {
			isa = XCBuildConfiguration;
			buildSettings = {
				CLANG_CXX_LANGUAGE_STANDARD = "gnu++14";
				CLANG_ENABLE_OBJC_WEAK = YES;
				CLANG_WARN_BLOCK_CAPTURE_AUTORELEASING = YES;
				CLANG_WARN_COMMA = YES;
				CLANG_WARN_DEPRECATED_OBJC_IMPLEMENTATIONS = YES;
				CLANG_WARN_NON_LITERAL_NULL_CONVERSION = YES;
				CLANG_WARN_OBJC_IMPLICIT_RETAIN_SELF = YES;
				CLANG_WARN_OBJC_LITERAL_CONVERSION = YES;
				CLANG_WARN_RANGE_LOOP_ANALYSIS = YES;
				CLANG_WARN_STRICT_PROTOTYPES = YES;
				CLANG_WARN_UNGUARDED_AVAILABILITY = YES_AGGRESSIVE;
				CODE_SIGN_STYLE = Automatic;
				CURRENT_PROJECT_VERSION = 1;
				DEFINES_MODULE = YES;
				DEVELOPMENT_TEAM = 9FYGYU94H6;
				DYLIB_COMPATIBILITY_VERSION = 1;
				DYLIB_CURRENT_VERSION = 1;
				DYLIB_INSTALL_NAME_BASE = "@rpath";
				FRAMEWORK_SEARCH_PATHS = (
					"$(inherited)",
					"$(PROJECT_DIR)/Carthage/Build/iOS",
				);
				GCC_C_LANGUAGE_STANDARD = gnu11;
				INFOPLIST_FILE = XYThirdParty/Info.plist;
				INSTALL_PATH = "$(LOCAL_LIBRARY_DIR)/Frameworks";
				IPHONEOS_DEPLOYMENT_TARGET = 9.0;
				LD_RUNPATH_SEARCH_PATHS = "$(inherited) @executable_path/Frameworks @loader_path/Frameworks";
				MTL_ENABLE_DEBUG_INFO = INCLUDE_SOURCE;
				MTL_FAST_MATH = YES;
				PRODUCT_BUNDLE_IDENTIFIER = XY.XYThirdParty;
				PRODUCT_NAME = "$(TARGET_NAME:c99extidentifier)";
				SKIP_INSTALL = YES;
				TARGETED_DEVICE_FAMILY = "1,2";
				VERSIONING_SYSTEM = "apple-generic";
				VERSION_INFO_PREFIX = "";
			};
			name = Debug;
		};
		AC1752DB22B3DE3F00F447B6 /* Release */ = {
			isa = XCBuildConfiguration;
			buildSettings = {
				CLANG_CXX_LANGUAGE_STANDARD = "gnu++14";
				CLANG_ENABLE_OBJC_WEAK = YES;
				CLANG_WARN_BLOCK_CAPTURE_AUTORELEASING = YES;
				CLANG_WARN_COMMA = YES;
				CLANG_WARN_DEPRECATED_OBJC_IMPLEMENTATIONS = YES;
				CLANG_WARN_NON_LITERAL_NULL_CONVERSION = YES;
				CLANG_WARN_OBJC_IMPLICIT_RETAIN_SELF = YES;
				CLANG_WARN_OBJC_LITERAL_CONVERSION = YES;
				CLANG_WARN_RANGE_LOOP_ANALYSIS = YES;
				CLANG_WARN_STRICT_PROTOTYPES = YES;
				CLANG_WARN_UNGUARDED_AVAILABILITY = YES_AGGRESSIVE;
				CODE_SIGN_STYLE = Automatic;
				CURRENT_PROJECT_VERSION = 1;
				DEFINES_MODULE = YES;
				DEVELOPMENT_TEAM = 9FYGYU94H6;
				DYLIB_COMPATIBILITY_VERSION = 1;
				DYLIB_CURRENT_VERSION = 1;
				DYLIB_INSTALL_NAME_BASE = "@rpath";
				FRAMEWORK_SEARCH_PATHS = (
					"$(inherited)",
					"$(PROJECT_DIR)/Carthage/Build/iOS",
				);
				GCC_C_LANGUAGE_STANDARD = gnu11;
				INFOPLIST_FILE = XYThirdParty/Info.plist;
				INSTALL_PATH = "$(LOCAL_LIBRARY_DIR)/Frameworks";
				IPHONEOS_DEPLOYMENT_TARGET = 9.0;
				LD_RUNPATH_SEARCH_PATHS = "$(inherited) @executable_path/Frameworks @loader_path/Frameworks";
				MTL_FAST_MATH = YES;
				PRODUCT_BUNDLE_IDENTIFIER = XY.XYThirdParty;
				PRODUCT_NAME = "$(TARGET_NAME:c99extidentifier)";
				SKIP_INSTALL = YES;
				TARGETED_DEVICE_FAMILY = "1,2";
				VERSIONING_SYSTEM = "apple-generic";
				VERSION_INFO_PREFIX = "";
			};
			name = Release;
		};
		AC8DDD8F1EEFC2A50009C5AC /* Debug */ = {
			isa = XCBuildConfiguration;
			buildSettings = {
				ALWAYS_SEARCH_USER_PATHS = NO;
				CLANG_ANALYZER_NONNULL = YES;
				CLANG_ANALYZER_NUMBER_OBJECT_CONVERSION = YES_AGGRESSIVE;
				CLANG_CXX_LANGUAGE_STANDARD = "gnu++0x";
				CLANG_CXX_LIBRARY = "libc++";
				CLANG_ENABLE_MODULES = YES;
				CLANG_ENABLE_OBJC_ARC = YES;
				CLANG_WARN_BOOL_CONVERSION = YES;
				CLANG_WARN_CONSTANT_CONVERSION = YES;
				CLANG_WARN_DIRECT_OBJC_ISA_USAGE = YES_ERROR;
				CLANG_WARN_DOCUMENTATION_COMMENTS = YES;
				CLANG_WARN_EMPTY_BODY = YES;
				CLANG_WARN_ENUM_CONVERSION = YES;
				CLANG_WARN_INFINITE_RECURSION = YES;
				CLANG_WARN_INT_CONVERSION = YES;
				CLANG_WARN_OBJC_ROOT_CLASS = YES_ERROR;
				CLANG_WARN_SUSPICIOUS_MOVE = YES;
				CLANG_WARN_UNREACHABLE_CODE = YES;
				CLANG_WARN__DUPLICATE_METHOD_MATCH = YES;
				"CODE_SIGN_IDENTITY[sdk=iphoneos*]" = "iPhone Developer";
				COPY_PHASE_STRIP = NO;
				DEBUG_INFORMATION_FORMAT = dwarf;
				ENABLE_STRICT_OBJC_MSGSEND = YES;
				ENABLE_TESTABILITY = YES;
				GCC_C_LANGUAGE_STANDARD = gnu99;
				GCC_DYNAMIC_NO_PIC = NO;
				GCC_NO_COMMON_BLOCKS = YES;
				GCC_OPTIMIZATION_LEVEL = 0;
				GCC_PREPROCESSOR_DEFINITIONS = (
					"DEBUG=1",
					"$(inherited)",
				);
				GCC_WARN_64_TO_32_BIT_CONVERSION = YES;
				GCC_WARN_ABOUT_RETURN_TYPE = YES_ERROR;
				GCC_WARN_UNDECLARED_SELECTOR = YES;
				GCC_WARN_UNINITIALIZED_AUTOS = YES_AGGRESSIVE;
				GCC_WARN_UNUSED_FUNCTION = YES;
				GCC_WARN_UNUSED_VARIABLE = YES;
				IPHONEOS_DEPLOYMENT_TARGET = 8.0;
				MTL_ENABLE_DEBUG_INFO = YES;
				ONLY_ACTIVE_ARCH = YES;
				SDKROOT = iphoneos;
				TARGETED_DEVICE_FAMILY = "1,2";
			};
			name = Debug;
		};
		AC8DDD901EEFC2A50009C5AC /* Release */ = {
			isa = XCBuildConfiguration;
			buildSettings = {
				ALWAYS_SEARCH_USER_PATHS = NO;
				CLANG_ANALYZER_NONNULL = YES;
				CLANG_ANALYZER_NUMBER_OBJECT_CONVERSION = YES_AGGRESSIVE;
				CLANG_CXX_LANGUAGE_STANDARD = "gnu++0x";
				CLANG_CXX_LIBRARY = "libc++";
				CLANG_ENABLE_MODULES = YES;
				CLANG_ENABLE_OBJC_ARC = YES;
				CLANG_WARN_BOOL_CONVERSION = YES;
				CLANG_WARN_CONSTANT_CONVERSION = YES;
				CLANG_WARN_DIRECT_OBJC_ISA_USAGE = YES_ERROR;
				CLANG_WARN_DOCUMENTATION_COMMENTS = YES;
				CLANG_WARN_EMPTY_BODY = YES;
				CLANG_WARN_ENUM_CONVERSION = YES;
				CLANG_WARN_INFINITE_RECURSION = YES;
				CLANG_WARN_INT_CONVERSION = YES;
				CLANG_WARN_OBJC_ROOT_CLASS = YES_ERROR;
				CLANG_WARN_SUSPICIOUS_MOVE = YES;
				CLANG_WARN_UNREACHABLE_CODE = YES;
				CLANG_WARN__DUPLICATE_METHOD_MATCH = YES;
				"CODE_SIGN_IDENTITY[sdk=iphoneos*]" = "iPhone Developer";
				COPY_PHASE_STRIP = NO;
				DEBUG_INFORMATION_FORMAT = "dwarf-with-dsym";
				ENABLE_NS_ASSERTIONS = NO;
				ENABLE_STRICT_OBJC_MSGSEND = YES;
				GCC_C_LANGUAGE_STANDARD = gnu99;
				GCC_NO_COMMON_BLOCKS = YES;
				GCC_WARN_64_TO_32_BIT_CONVERSION = YES;
				GCC_WARN_ABOUT_RETURN_TYPE = YES_ERROR;
				GCC_WARN_UNDECLARED_SELECTOR = YES;
				GCC_WARN_UNINITIALIZED_AUTOS = YES_AGGRESSIVE;
				GCC_WARN_UNUSED_FUNCTION = YES;
				GCC_WARN_UNUSED_VARIABLE = YES;
				IPHONEOS_DEPLOYMENT_TARGET = 8.0;
				MTL_ENABLE_DEBUG_INFO = NO;
				SDKROOT = iphoneos;
				TARGETED_DEVICE_FAMILY = "1,2";
				VALIDATE_PRODUCT = YES;
			};
			name = Release;
		};
		ACC6F09222B62CB300BF0F97 /* Debug */ = {
			isa = XCBuildConfiguration;
			buildSettings = {
				CLANG_CXX_LANGUAGE_STANDARD = "gnu++14";
				CLANG_ENABLE_OBJC_WEAK = YES;
				CLANG_WARN_BLOCK_CAPTURE_AUTORELEASING = YES;
				CLANG_WARN_COMMA = YES;
				CLANG_WARN_DEPRECATED_OBJC_IMPLEMENTATIONS = YES;
				CLANG_WARN_NON_LITERAL_NULL_CONVERSION = YES;
				CLANG_WARN_OBJC_IMPLICIT_RETAIN_SELF = YES;
				CLANG_WARN_OBJC_LITERAL_CONVERSION = YES;
				CLANG_WARN_RANGE_LOOP_ANALYSIS = YES;
				CLANG_WARN_STRICT_PROTOTYPES = YES;
				CLANG_WARN_UNGUARDED_AVAILABILITY = YES_AGGRESSIVE;
				CODE_SIGN_IDENTITY = "iPhone Developer";
				CODE_SIGN_STYLE = Automatic;
				CURRENT_PROJECT_VERSION = 1;
				DEFINES_MODULE = YES;
				DEVELOPMENT_TEAM = 9FYGYU94H6;
				DYLIB_COMPATIBILITY_VERSION = 1;
				DYLIB_CURRENT_VERSION = 1;
				DYLIB_INSTALL_NAME_BASE = "@rpath";
				GCC_C_LANGUAGE_STANDARD = gnu11;
				INFOPLIST_FILE = RichText/Info.plist;
				INSTALL_PATH = "$(LOCAL_LIBRARY_DIR)/Frameworks";
				IPHONEOS_DEPLOYMENT_TARGET = 12.2;
				LD_RUNPATH_SEARCH_PATHS = "$(inherited) @executable_path/Frameworks @loader_path/Frameworks";
				MTL_ENABLE_DEBUG_INFO = INCLUDE_SOURCE;
				MTL_FAST_MATH = YES;
				PRODUCT_BUNDLE_IDENTIFIER = XY.RichText;
				PRODUCT_NAME = "$(TARGET_NAME:c99extidentifier)";
				SKIP_INSTALL = YES;
				TARGETED_DEVICE_FAMILY = "1,2";
				VERSIONING_SYSTEM = "apple-generic";
				VERSION_INFO_PREFIX = "";
			};
			name = Debug;
		};
		ACC6F09322B62CB300BF0F97 /* Release */ = {
			isa = XCBuildConfiguration;
			buildSettings = {
				CLANG_CXX_LANGUAGE_STANDARD = "gnu++14";
				CLANG_ENABLE_OBJC_WEAK = YES;
				CLANG_WARN_BLOCK_CAPTURE_AUTORELEASING = YES;
				CLANG_WARN_COMMA = YES;
				CLANG_WARN_DEPRECATED_OBJC_IMPLEMENTATIONS = YES;
				CLANG_WARN_NON_LITERAL_NULL_CONVERSION = YES;
				CLANG_WARN_OBJC_IMPLICIT_RETAIN_SELF = YES;
				CLANG_WARN_OBJC_LITERAL_CONVERSION = YES;
				CLANG_WARN_RANGE_LOOP_ANALYSIS = YES;
				CLANG_WARN_STRICT_PROTOTYPES = YES;
				CLANG_WARN_UNGUARDED_AVAILABILITY = YES_AGGRESSIVE;
				CODE_SIGN_IDENTITY = "iPhone Developer";
				CODE_SIGN_STYLE = Automatic;
				CURRENT_PROJECT_VERSION = 1;
				DEFINES_MODULE = YES;
				DEVELOPMENT_TEAM = 9FYGYU94H6;
				DYLIB_COMPATIBILITY_VERSION = 1;
				DYLIB_CURRENT_VERSION = 1;
				DYLIB_INSTALL_NAME_BASE = "@rpath";
				GCC_C_LANGUAGE_STANDARD = gnu11;
				INFOPLIST_FILE = RichText/Info.plist;
				INSTALL_PATH = "$(LOCAL_LIBRARY_DIR)/Frameworks";
				IPHONEOS_DEPLOYMENT_TARGET = 12.2;
				LD_RUNPATH_SEARCH_PATHS = "$(inherited) @executable_path/Frameworks @loader_path/Frameworks";
				MTL_FAST_MATH = YES;
				PRODUCT_BUNDLE_IDENTIFIER = XY.RichText;
				PRODUCT_NAME = "$(TARGET_NAME:c99extidentifier)";
				SKIP_INSTALL = YES;
				TARGETED_DEVICE_FAMILY = "1,2";
				VERSIONING_SYSTEM = "apple-generic";
				VERSION_INFO_PREFIX = "";
			};
			name = Release;
		};
/* End XCBuildConfiguration section */

/* Begin XCConfigurationList section */
		AC1752C822B3DE0900F447B6 /* Build configuration list for PBXNativeTarget "Example" */ = {
			isa = XCConfigurationList;
			buildConfigurations = (
				AC1752C922B3DE0900F447B6 /* Debug */,
				AC1752CA22B3DE0900F447B6 /* Release */,
			);
			defaultConfigurationIsVisible = 0;
			defaultConfigurationName = Release;
		};
		AC1752D922B3DE3F00F447B6 /* Build configuration list for PBXNativeTarget "XYThirdParty" */ = {
			isa = XCConfigurationList;
			buildConfigurations = (
				AC1752DA22B3DE3F00F447B6 /* Debug */,
				AC1752DB22B3DE3F00F447B6 /* Release */,
			);
			defaultConfigurationIsVisible = 0;
			defaultConfigurationName = Release;
		};
		AC8DDD751EEFC2A50009C5AC /* Build configuration list for PBXProject "XYThirdParty" */ = {
			isa = XCConfigurationList;
			buildConfigurations = (
				AC8DDD8F1EEFC2A50009C5AC /* Debug */,
				AC8DDD901EEFC2A50009C5AC /* Release */,
			);
			defaultConfigurationIsVisible = 0;
			defaultConfigurationName = Release;
		};
		ACC6F09122B62CB300BF0F97 /* Build configuration list for PBXNativeTarget "RichText" */ = {
			isa = XCConfigurationList;
			buildConfigurations = (
				ACC6F09222B62CB300BF0F97 /* Debug */,
				ACC6F09322B62CB300BF0F97 /* Release */,
			);
			defaultConfigurationIsVisible = 0;
			defaultConfigurationName = Release;
		};
/* End XCConfigurationList section */
	};
	rootObject = AC8DDD721EEFC2A50009C5AC /* Project object */;
}
